
Microsoft Visual Studio Solution File, Format Version 12.00
# Visual Studio Version 17
VisualStudioVersion = 17.7.34202.233
MinimumVisualStudioVersion = 10.0.40219.1
Project("{FAE04EC0-301F-11D3-BF4B-00C04F79EFBC}") = "Portafolio2", "Portafolio2\Portafolio2.csproj", "{B143A170-97D7-4A8D-962B-ECDE480968D8}"
EndProject
Global
	GlobalSection(SolutionConfigurationPlatforms) = preSolution
		Debug|Any CPU = Debug|Any CPU
		Release|Any CPU = Release|Any CPU
	EndGlobalSection
	GlobalSection(ProjectConfigurationPlatforms) = postSolution
		{B143A170-97D7-4A8D-962B-ECDE480968D8}.Debug|Any CPU.ActiveCfg = Debug|Any CPU
		{B143A170-97D7-4A8D-962B-ECDE480968D8}.Debug|Any CPU.Build.0 = Debug|Any CPU
		{B143A170-97D7-4A8D-962B-ECDE480968D8}.Release|Any CPU.ActiveCfg = Release|Any CPU
		{B143A170-97D7-4A8D-962B-ECDE480968D8}.Release|Any CPU.Build.0 = Release|Any CPU
	EndGlobalSection
	GlobalSection(SolutionProperties) = preSolution
		HideSolutionNode = FALSE
	EndGlobalSection
	GlobalSection(ExtensibilityGlobals) = postSolution
		SolutionGuid = {DA829D78-0A5A-4EE5-B54D-D9C7028B6A2E}
	EndGlobalSection
EndGlobal
